{
  "pins" : [
    {
      "identity" : "swift-argument-parser",
      "kind" : "remoteSourceControl",
      "location" : "https://github.com/apple/swift-argument-parser.git",
      "state" : {
        "revision" : "fee6933f37fde9a5e12a1e4aeaa93fe60116ff2a",
        "version" : "1.2.2"
      }
    },
    {
      "identity" : "vectormath",
      "kind" : "remoteSourceControl",
      "location" : "https://github.com/nicklockwood/VectorMath.git",
      "state" : {
        "revision" : "2de2585f455dc8e15d642ca51b29b1917e68fd1e",
        "version" : "0.4.1"
      }
    }
  ],
  "version" : 2
}
