// !$*UTF8*$!
{
   archiveVersion = "1";
   objectVersion = "46";
   objects = {
      "OBJ_1" = {
         isa = "PBXProject";
         attributes = {
            LastSwiftMigration = "9999";
            LastUpgradeCheck = "9999";
         };
         buildConfigurationList = "OBJ_2";
         compatibilityVersion = "Xcode 3.2";
         developmentRegion = "English";
         hasScannedForEncodings = "0";
         knownRegions = (
            "en"
         );
         mainGroup = "OBJ_5";
         productRefGroup = "OBJ_136";
         projectDirPath = ".";
         targets = (
            "SwiftPM::Basic",
            "SwiftPM::POSIX",
            "SwiftPM::SPMLibc",
            "SwiftPM::SPMUtility",
            "SwiftPM::SwiftPMPackageDescription",
            "VectorMath::VectorMath",
            "VectorMath::SwiftPMPackageDescription",
            "SwiftPM::clibc",
            "slicetool::slicetool",
            "slicetool::SwiftPMPackageDescription"
         );
      };
      "OBJ_10" = {
         isa = "PBXFileReference";
         path = "Mesh.swift";
         sourceTree = "<group>";
      };
      "OBJ_100" = {
         isa = "PBXFileReference";
         path = "ArgumentParser.swift";
         sourceTree = "<group>";
      };
      "OBJ_101" = {
         isa = "PBXFileReference";
         path = "ArgumentParserShellCompletion.swift";
         sourceTree = "<group>";
      };
      "OBJ_102" = {
         isa = "PBXFileReference";
         path = "BuildFlags.swift";
         sourceTree = "<group>";
      };
      "OBJ_103" = {
         isa = "PBXFileReference";
         path = "CollectionExtensions.swift";
         sourceTree = "<group>";
      };
      "OBJ_104" = {
         isa = "PBXFileReference";
         path = "Diagnostics.swift";
         sourceTree = "<group>";
      };
      "OBJ_105" = {
         isa = "PBXFileReference";
         path = "FSWatch.swift";
         sourceTree = "<group>";
      };
      "OBJ_106" = {
         isa = "PBXFileReference";
         path = "Git.swift";
         sourceTree = "<group>";
      };
      "OBJ_107" = {
         isa = "PBXFileReference";
         path = "InterruptHandler.swift";
         sourceTree = "<group>";
      };
      "OBJ_108" = {
         isa = "PBXFileReference";
         path = "PkgConfig.swift";
         sourceTree = "<group>";
      };
      "OBJ_109" = {
         isa = "PBXFileReference";
         path = "Platform.swift";
         sourceTree = "<group>";
      };
      "OBJ_11" = {
         isa = "PBXFileReference";
         path = "STLParser.swift";
         sourceTree = "<group>";
      };
      "OBJ_110" = {
         isa = "PBXFileReference";
         path = "Process.swift";
         sourceTree = "<group>";
      };
      "OBJ_111" = {
         isa = "PBXFileReference";
         path = "ProgressAnimation.swift";
         sourceTree = "<group>";
      };
      "OBJ_112" = {
         isa = "PBXFileReference";
         path = "SimplePersistence.swift";
         sourceTree = "<group>";
      };
      "OBJ_113" = {
         isa = "PBXFileReference";
         path = "StringExtensions.swift";
         sourceTree = "<group>";
      };
      "OBJ_114" = {
         isa = "PBXFileReference";
         path = "StringMangling.swift";
         sourceTree = "<group>";
      };
      "OBJ_115" = {
         isa = "PBXFileReference";
         path = "URL.swift";
         sourceTree = "<group>";
      };
      "OBJ_116" = {
         isa = "PBXFileReference";
         path = "Verbosity.swift";
         sourceTree = "<group>";
      };
      "OBJ_117" = {
         isa = "PBXFileReference";
         path = "Version.swift";
         sourceTree = "<group>";
      };
      "OBJ_118" = {
         isa = "PBXFileReference";
         path = "Versioning.swift";
         sourceTree = "<group>";
      };
      "OBJ_119" = {
         isa = "PBXFileReference";
         path = "misc.swift";
         sourceTree = "<group>";
      };
      "OBJ_12" = {
         isa = "PBXGroup";
         children = (
            "OBJ_13",
            "OBJ_14"
         );
         name = "Slicer";
         path = "Slicer";
         sourceTree = "<group>";
      };
      "OBJ_120" = {
         isa = "PBXGroup";
         children = (
         );
         name = "SourceControl";
         path = ".build/checkouts/swift-package-manager/Sources/SourceControl";
         sourceTree = "SOURCE_ROOT";
      };
      "OBJ_121" = {
         isa = "PBXGroup";
         children = (
         );
         name = "TestSupport";
         path = ".build/checkouts/swift-package-manager/Sources/TestSupport";
         sourceTree = "SOURCE_ROOT";
      };
      "OBJ_122" = {
         isa = "PBXGroup";
         children = (
         );
         name = "TestSupportExecutable";
         path = ".build/checkouts/swift-package-manager/Sources/TestSupportExecutable";
         sourceTree = "SOURCE_ROOT";
      };
      "OBJ_123" = {
         isa = "PBXGroup";
         children = (
         );
         name = "Workspace";
         path = ".build/checkouts/swift-package-manager/Sources/Workspace";
         sourceTree = "SOURCE_ROOT";
      };
      "OBJ_124" = {
         isa = "PBXGroup";
         children = (
         );
         name = "Xcodeproj";
         path = ".build/checkouts/swift-package-manager/Sources/Xcodeproj";
         sourceTree = "SOURCE_ROOT";
      };
      "OBJ_125" = {
         isa = "PBXGroup";
         children = (
            "OBJ_126",
            "OBJ_127"
         );
         name = "clibc";
         path = ".build/checkouts/swift-package-manager/Sources/clibc";
         sourceTree = "SOURCE_ROOT";
      };
      "OBJ_126" = {
         isa = "PBXFileReference";
         path = "libc.c";
         sourceTree = "<group>";
      };
      "OBJ_127" = {
         isa = "PBXGroup";
         children = (
            "OBJ_128",
            "OBJ_129"
         );
         name = "include";
         path = "include";
         sourceTree = "<group>";
      };
      "OBJ_128" = {
         isa = "PBXFileReference";
         path = "clibc.h";
         sourceTree = "<group>";
      };
      "OBJ_129" = {
         isa = "PBXFileReference";
         name = "module.modulemap";
         path = "/Users/mseryukov/dev/mseriukov/sliceTool/slicetool/.build/checkouts/swift-package-manager/Sources/clibc/include/module.modulemap";
         sourceTree = "<group>";
      };
      "OBJ_13" = {
         isa = "PBXFileReference";
         path = "Slicer.swift";
         sourceTree = "<group>";
      };
      "OBJ_130" = {
         isa = "PBXGroup";
         children = (
         );
         name = "swift-build";
         path = ".build/checkouts/swift-package-manager/Sources/swift-build";
         sourceTree = "SOURCE_ROOT";
      };
      "OBJ_131" = {
         isa = "PBXGroup";
         children = (
         );
         name = "swift-package";
         path = ".build/checkouts/swift-package-manager/Sources/swift-package";
         sourceTree = "SOURCE_ROOT";
      };
      "OBJ_132" = {
         isa = "PBXGroup";
         children = (
         );
         name = "swift-run";
         path = ".build/checkouts/swift-package-manager/Sources/swift-run";
         sourceTree = "SOURCE_ROOT";
      };
      "OBJ_133" = {
         isa = "PBXGroup";
         children = (
         );
         name = "swift-test";
         path = ".build/checkouts/swift-package-manager/Sources/swift-test";
         sourceTree = "SOURCE_ROOT";
      };
      "OBJ_134" = {
         isa = "PBXGroup";
         children = (
         );
         name = "swiftpm-xctest-helper";
         path = ".build/checkouts/swift-package-manager/Sources/swiftpm-xctest-helper";
         sourceTree = "SOURCE_ROOT";
      };
      "OBJ_135" = {
         isa = "PBXFileReference";
         explicitFileType = "sourcecode.swift";
         name = "Package.swift";
         path = "/Users/mseryukov/dev/mseriukov/sliceTool/slicetool/.build/checkouts/swift-package-manager/Package.swift";
         sourceTree = "<group>";
      };
      "OBJ_136" = {
         isa = "PBXGroup";
         children = (
            "slicetool::slicetool::Product",
            "SwiftPM::Basic::Product",
            "VectorMath::VectorMath::Product",
            "SwiftPM::POSIX::Product",
            "SwiftPM::SPMLibc::Product",
            "SwiftPM::SPMUtility::Product",
            "SwiftPM::clibc::Product"
         );
         name = "Products";
         path = "";
         sourceTree = "BUILT_PRODUCTS_DIR";
      };
      "OBJ_14" = {
         isa = "PBXFileReference";
         path = "SlicerType.swift";
         sourceTree = "<group>";
      };
      "OBJ_144" = {
         isa = "PBXFileReference";
         path = "bunny6.stl";
         sourceTree = "<group>";
      };
      "OBJ_145" = {
         isa = "PBXFileReference";
         path = "README.md";
         sourceTree = "<group>";
      };
      "OBJ_146" = {
         isa = "PBXFileReference";
         path = "bunny5.stl";
         sourceTree = "<group>";
      };
      "OBJ_148" = {
         isa = "XCConfigurationList";
         buildConfigurations = (
            "OBJ_149",
            "OBJ_150"
         );
         defaultConfigurationIsVisible = "0";
         defaultConfigurationName = "Release";
      };
      "OBJ_149" = {
         isa = "XCBuildConfiguration";
         buildSettings = {
            ENABLE_TESTABILITY = "YES";
            FRAMEWORK_SEARCH_PATHS = (
               "$(inherited)",
               "$(PLATFORM_DIR)/Developer/Library/Frameworks"
            );
            HEADER_SEARCH_PATHS = (
               "$(inherited)",
               "$(SRCROOT)/.build/checkouts/swift-package-manager/Sources/clibc/include"
            );
            INFOPLIST_FILE = "slicetool.xcodeproj/Basic_Info.plist";
            LD_RUNPATH_SEARCH_PATHS = (
               "$(inherited)",
               "$(TOOLCHAIN_DIR)/usr/lib/swift/macosx"
            );
            OTHER_CFLAGS = (
               "$(inherited)"
            );
            OTHER_LDFLAGS = (
               "$(inherited)"
            );
            OTHER_SWIFT_FLAGS = (
               "$(inherited)",
               "-Xcc",
               "-fmodule-map-file=$(SRCROOT)/.build/checkouts/swift-package-manager/Sources/clibc/include/module.modulemap"
            );
            PRODUCT_BUNDLE_IDENTIFIER = "Basic";
            PRODUCT_MODULE_NAME = "$(TARGET_NAME:c99extidentifier)";
            PRODUCT_NAME = "$(TARGET_NAME:c99extidentifier)";
            SKIP_INSTALL = "YES";
            SWIFT_ACTIVE_COMPILATION_CONDITIONS = (
               "$(inherited)"
            );
            SWIFT_VERSION = "4.2";
            TARGET_NAME = "Basic";
         };
         name = "Debug";
      };
      "OBJ_15" = {
         isa = "PBXFileReference";
         path = "Triangle.swift";
         sourceTree = "<group>";
      };
      "OBJ_150" = {
         isa = "XCBuildConfiguration";
         buildSettings = {
            ENABLE_TESTABILITY = "YES";
            FRAMEWORK_SEARCH_PATHS = (
               "$(inherited)",
               "$(PLATFORM_DIR)/Developer/Library/Frameworks"
            );
            HEADER_SEARCH_PATHS = (
               "$(inherited)",
               "$(SRCROOT)/.build/checkouts/swift-package-manager/Sources/clibc/include"
            );
            INFOPLIST_FILE = "slicetool.xcodeproj/Basic_Info.plist";
            LD_RUNPATH_SEARCH_PATHS = (
               "$(inherited)",
               "$(TOOLCHAIN_DIR)/usr/lib/swift/macosx"
            );
            OTHER_CFLAGS = (
               "$(inherited)"
            );
            OTHER_LDFLAGS = (
               "$(inherited)"
            );
            OTHER_SWIFT_FLAGS = (
               "$(inherited)",
               "-Xcc",
               "-fmodule-map-file=$(SRCROOT)/.build/checkouts/swift-package-manager/Sources/clibc/include/module.modulemap"
            );
            PRODUCT_BUNDLE_IDENTIFIER = "Basic";
            PRODUCT_MODULE_NAME = "$(TARGET_NAME:c99extidentifier)";
            PRODUCT_NAME = "$(TARGET_NAME:c99extidentifier)";
            SKIP_INSTALL = "YES";
            SWIFT_ACTIVE_COMPILATION_CONDITIONS = (
               "$(inherited)"
            );
            SWIFT_VERSION = "4.2";
            TARGET_NAME = "Basic";
         };
         name = "Release";
      };
      "OBJ_151" = {
         isa = "PBXSourcesBuildPhase";
         files = (
            "OBJ_152",
            "OBJ_153",
            "OBJ_154",
            "OBJ_155",
            "OBJ_156",
            "OBJ_157",
            "OBJ_158",
            "OBJ_159",
            "OBJ_160",
            "OBJ_161",
            "OBJ_162",
            "OBJ_163",
            "OBJ_164",
            "OBJ_165",
            "OBJ_166",
            "OBJ_167",
            "OBJ_168",
            "OBJ_169",
            "OBJ_170",
            "OBJ_171",
            "OBJ_172",
            "OBJ_173",
            "OBJ_174",
            "OBJ_175",
            "OBJ_176",
            "OBJ_177",
            "OBJ_178",
            "OBJ_179",
            "OBJ_180",
            "OBJ_181",
            "OBJ_182",
            "OBJ_183",
            "OBJ_184",
            "OBJ_185",
            "OBJ_186",
            "OBJ_187",
            "OBJ_188",
            "OBJ_189"
         );
      };
      "OBJ_152" = {
         isa = "PBXBuildFile";
         fileRef = "OBJ_40";
      };
      "OBJ_153" = {
         isa = "PBXBuildFile";
         fileRef = "OBJ_41";
      };
      "OBJ_154" = {
         isa = "PBXBuildFile";
         fileRef = "OBJ_42";
      };
      "OBJ_155" = {
         isa = "PBXBuildFile";
         fileRef = "OBJ_43";
      };
      "OBJ_156" = {
         isa = "PBXBuildFile";
         fileRef = "OBJ_44";
      };
      "OBJ_157" = {
         isa = "PBXBuildFile";
         fileRef = "OBJ_45";
      };
      "OBJ_158" = {
         isa = "PBXBuildFile";
         fileRef = "OBJ_46";
      };
      "OBJ_159" = {
         isa = "PBXBuildFile";
         fileRef = "OBJ_47";
      };
      "OBJ_16" = {
         isa = "PBXFileReference";
         path = "Vertex.swift";
         sourceTree = "<group>";
      };
      "OBJ_160" = {
         isa = "PBXBuildFile";
         fileRef = "OBJ_48";
      };
      "OBJ_161" = {
         isa = "PBXBuildFile";
         fileRef = "OBJ_49";
      };
      "OBJ_162" = {
         isa = "PBXBuildFile";
         fileRef = "OBJ_50";
      };
      "OBJ_163" = {
         isa = "PBXBuildFile";
         fileRef = "OBJ_51";
      };
      "OBJ_164" = {
         isa = "PBXBuildFile";
         fileRef = "OBJ_52";
      };
      "OBJ_165" = {
         isa = "PBXBuildFile";
         fileRef = "OBJ_53";
      };
      "OBJ_166" = {
         isa = "PBXBuildFile";
         fileRef = "OBJ_54";
      };
      "OBJ_167" = {
         isa = "PBXBuildFile";
         fileRef = "OBJ_55";
      };
      "OBJ_168" = {
         isa = "PBXBuildFile";
         fileRef = "OBJ_56";
      };
      "OBJ_169" = {
         isa = "PBXBuildFile";
         fileRef = "OBJ_57";
      };
      "OBJ_17" = {
         isa = "PBXGroup";
         children = (
            "OBJ_18",
            "OBJ_19",
            "OBJ_20"
         );
         name = "OutputGenerator";
         path = "OutputGenerator";
         sourceTree = "<group>";
      };
      "OBJ_170" = {
         isa = "PBXBuildFile";
         fileRef = "OBJ_58";
      };
      "OBJ_171" = {
         isa = "PBXBuildFile";
         fileRef = "OBJ_59";
      };
      "OBJ_172" = {
         isa = "PBXBuildFile";
         fileRef = "OBJ_60";
      };
      "OBJ_173" = {
         isa = "PBXBuildFile";
         fileRef = "OBJ_61";
      };
      "OBJ_174" = {
         isa = "PBXBuildFile";
         fileRef = "OBJ_62";
      };
      "OBJ_175" = {
         isa = "PBXBuildFile";
         fileRef = "OBJ_63";
      };
      "OBJ_176" = {
         isa = "PBXBuildFile";
         fileRef = "OBJ_64";
      };
      "OBJ_177" = {
         isa = "PBXBuildFile";
         fileRef = "OBJ_65";
      };
      "OBJ_178" = {
         isa = "PBXBuildFile";
         fileRef = "OBJ_66";
      };
      "OBJ_179" = {
         isa = "PBXBuildFile";
         fileRef = "OBJ_67";
      };
      "OBJ_18" = {
         isa = "PBXFileReference";
         path = "GCODEOutputGenerator.swift";
         sourceTree = "<group>";
      };
      "OBJ_180" = {
         isa = "PBXBuildFile";
         fileRef = "OBJ_68";
      };
      "OBJ_181" = {
         isa = "PBXBuildFile";
         fileRef = "OBJ_69";
      };
      "OBJ_182" = {
         isa = "PBXBuildFile";
         fileRef = "OBJ_70";
      };
      "OBJ_183" = {
         isa = "PBXBuildFile";
         fileRef = "OBJ_71";
      };
      "OBJ_184" = {
         isa = "PBXBuildFile";
         fileRef = "OBJ_72";
      };
      "OBJ_185" = {
         isa = "PBXBuildFile";
         fileRef = "OBJ_73";
      };
      "OBJ_186" = {
         isa = "PBXBuildFile";
         fileRef = "OBJ_74";
      };
      "OBJ_187" = {
         isa = "PBXBuildFile";
         fileRef = "OBJ_75";
      };
      "OBJ_188" = {
         isa = "PBXBuildFile";
         fileRef = "OBJ_76";
      };
      "OBJ_189" = {
         isa = "PBXBuildFile";
         fileRef = "OBJ_77";
      };
      "OBJ_19" = {
         isa = "PBXFileReference";
         path = "OutputGeneratorType.swift";
         sourceTree = "<group>";
      };
      "OBJ_190" = {
         isa = "PBXFrameworksBuildPhase";
         files = (
            "OBJ_191",
            "OBJ_192",
            "OBJ_193"
         );
      };
      "OBJ_191" = {
         isa = "PBXBuildFile";
         fileRef = "SwiftPM::POSIX::Product";
      };
      "OBJ_192" = {
         isa = "PBXBuildFile";
         fileRef = "SwiftPM::SPMLibc::Product";
      };
      "OBJ_193" = {
         isa = "PBXBuildFile";
         fileRef = "SwiftPM::clibc::Product";
      };
      "OBJ_194" = {
         isa = "PBXTargetDependency";
         target = "SwiftPM::POSIX";
      };
      "OBJ_196" = {
         isa = "PBXTargetDependency";
         target = "SwiftPM::SPMLibc";
      };
      "OBJ_198" = {
         isa = "PBXTargetDependency";
         target = "SwiftPM::clibc";
      };
      "OBJ_2" = {
         isa = "XCConfigurationList";
         buildConfigurations = (
            "OBJ_3",
            "OBJ_4"
         );
         defaultConfigurationIsVisible = "0";
         defaultConfigurationName = "Release";
      };
      "OBJ_20" = {
         isa = "PBXFileReference";
         path = "SVGOutputGenerator.swift";
         sourceTree = "<group>";
      };
      "OBJ_200" = {
         isa = "XCConfigurationList";
         buildConfigurations = (
            "OBJ_201",
            "OBJ_202"
         );
         defaultConfigurationIsVisible = "0";
         defaultConfigurationName = "Release";
      };
      "OBJ_201" = {
         isa = "XCBuildConfiguration";
         buildSettings = {
            ENABLE_TESTABILITY = "YES";
            FRAMEWORK_SEARCH_PATHS = (
               "$(inherited)",
               "$(PLATFORM_DIR)/Developer/Library/Frameworks"
            );
            HEADER_SEARCH_PATHS = (
               "$(inherited)",
               "$(SRCROOT)/.build/checkouts/swift-package-manager/Sources/clibc/include"
            );
            INFOPLIST_FILE = "slicetool.xcodeproj/POSIX_Info.plist";
            LD_RUNPATH_SEARCH_PATHS = (
               "$(inherited)",
               "$(TOOLCHAIN_DIR)/usr/lib/swift/macosx"
            );
            OTHER_CFLAGS = (
               "$(inherited)"
            );
            OTHER_LDFLAGS = (
               "$(inherited)"
            );
            OTHER_SWIFT_FLAGS = (
               "$(inherited)",
               "-Xcc",
               "-fmodule-map-file=$(SRCROOT)/.build/checkouts/swift-package-manager/Sources/clibc/include/module.modulemap"
            );
            PRODUCT_BUNDLE_IDENTIFIER = "POSIX";
            PRODUCT_MODULE_NAME = "$(TARGET_NAME:c99extidentifier)";
            PRODUCT_NAME = "$(TARGET_NAME:c99extidentifier)";
            SKIP_INSTALL = "YES";
            SWIFT_ACTIVE_COMPILATION_CONDITIONS = (
               "$(inherited)"
            );
            SWIFT_VERSION = "4.2";
            TARGET_NAME = "POSIX";
         };
         name = "Debug";
      };
      "OBJ_202" = {
         isa = "XCBuildConfiguration";
         buildSettings = {
            ENABLE_TESTABILITY = "YES";
            FRAMEWORK_SEARCH_PATHS = (
               "$(inherited)",
               "$(PLATFORM_DIR)/Developer/Library/Frameworks"
            );
            HEADER_SEARCH_PATHS = (
               "$(inherited)",
               "$(SRCROOT)/.build/checkouts/swift-package-manager/Sources/clibc/include"
            );
            INFOPLIST_FILE = "slicetool.xcodeproj/POSIX_Info.plist";
            LD_RUNPATH_SEARCH_PATHS = (
               "$(inherited)",
               "$(TOOLCHAIN_DIR)/usr/lib/swift/macosx"
            );
            OTHER_CFLAGS = (
               "$(inherited)"
            );
            OTHER_LDFLAGS = (
               "$(inherited)"
            );
            OTHER_SWIFT_FLAGS = (
               "$(inherited)",
               "-Xcc",
               "-fmodule-map-file=$(SRCROOT)/.build/checkouts/swift-package-manager/Sources/clibc/include/module.modulemap"
            );
            PRODUCT_BUNDLE_IDENTIFIER = "POSIX";
            PRODUCT_MODULE_NAME = "$(TARGET_NAME:c99extidentifier)";
            PRODUCT_NAME = "$(TARGET_NAME:c99extidentifier)";
            SKIP_INSTALL = "YES";
            SWIFT_ACTIVE_COMPILATION_CONDITIONS = (
               "$(inherited)"
            );
            SWIFT_VERSION = "4.2";
            TARGET_NAME = "POSIX";
         };
         name = "Release";
      };
      "OBJ_203" = {
         isa = "PBXSourcesBuildPhase";
         files = (
            "OBJ_204",
            "OBJ_205",
            "OBJ_206",
            "OBJ_207",
            "OBJ_208",
            "OBJ_209",
            "OBJ_210",
            "OBJ_211",
            "OBJ_212",
            "OBJ_213",
            "OBJ_214"
         );
      };
      "OBJ_204" = {
         isa = "PBXBuildFile";
         fileRef = "OBJ_81";
      };
      "OBJ_205" = {
         isa = "PBXBuildFile";
         fileRef = "OBJ_82";
      };
      "OBJ_206" = {
         isa = "PBXBuildFile";
         fileRef = "OBJ_83";
      };
      "OBJ_207" = {
         isa = "PBXBuildFile";
         fileRef = "OBJ_84";
      };
      "OBJ_208" = {
         isa = "PBXBuildFile";
         fileRef = "OBJ_85";
      };
      "OBJ_209" = {
         isa = "PBXBuildFile";
         fileRef = "OBJ_86";
      };
      "OBJ_21" = {
         isa = "PBXGroup";
         children = (
            "OBJ_22",
            "OBJ_23",
            "OBJ_26"
         );
         name = "UI";
         path = "UI";
         sourceTree = "<group>";
      };
      "OBJ_210" = {
         isa = "PBXBuildFile";
         fileRef = "OBJ_87";
      };
      "OBJ_211" = {
         isa = "PBXBuildFile";
         fileRef = "OBJ_88";
      };
      "OBJ_212" = {
         isa = "PBXBuildFile";
         fileRef = "OBJ_89";
      };
      "OBJ_213" = {
         isa = "PBXBuildFile";
         fileRef = "OBJ_90";
      };
      "OBJ_214" = {
         isa = "PBXBuildFile";
         fileRef = "OBJ_91";
      };
      "OBJ_215" = {
         isa = "PBXFrameworksBuildPhase";
         files = (
            "OBJ_216",
            "OBJ_217"
         );
      };
      "OBJ_216" = {
         isa = "PBXBuildFile";
         fileRef = "SwiftPM::SPMLibc::Product";
      };
      "OBJ_217" = {
         isa = "PBXBuildFile";
         fileRef = "SwiftPM::clibc::Product";
      };
      "OBJ_218" = {
         isa = "PBXTargetDependency";
         target = "SwiftPM::SPMLibc";
      };
      "OBJ_219" = {
         isa = "PBXTargetDependency";
         target = "SwiftPM::clibc";
      };
      "OBJ_22" = {
         isa = "PBXFileReference";
         path = "CommandRegistry.swift";
         sourceTree = "<group>";
      };
      "OBJ_220" = {
         isa = "XCConfigurationList";
         buildConfigurations = (
            "OBJ_221",
            "OBJ_222"
         );
         defaultConfigurationIsVisible = "0";
         defaultConfigurationName = "Release";
      };
      "OBJ_221" = {
         isa = "XCBuildConfiguration";
         buildSettings = {
            ENABLE_TESTABILITY = "YES";
            FRAMEWORK_SEARCH_PATHS = (
               "$(inherited)",
               "$(PLATFORM_DIR)/Developer/Library/Frameworks"
            );
            HEADER_SEARCH_PATHS = (
               "$(inherited)",
               "$(SRCROOT)/.build/checkouts/swift-package-manager/Sources/clibc/include"
            );
            INFOPLIST_FILE = "slicetool.xcodeproj/SPMLibc_Info.plist";
            LD_RUNPATH_SEARCH_PATHS = (
               "$(inherited)",
               "$(TOOLCHAIN_DIR)/usr/lib/swift/macosx"
            );
            OTHER_CFLAGS = (
               "$(inherited)"
            );
            OTHER_LDFLAGS = (
               "$(inherited)"
            );
            OTHER_SWIFT_FLAGS = (
               "$(inherited)",
               "-Xcc",
               "-fmodule-map-file=$(SRCROOT)/.build/checkouts/swift-package-manager/Sources/clibc/include/module.modulemap"
            );
            PRODUCT_BUNDLE_IDENTIFIER = "SPMLibc";
            PRODUCT_MODULE_NAME = "$(TARGET_NAME:c99extidentifier)";
            PRODUCT_NAME = "$(TARGET_NAME:c99extidentifier)";
            SKIP_INSTALL = "YES";
            SWIFT_ACTIVE_COMPILATION_CONDITIONS = (
               "$(inherited)"
            );
            SWIFT_VERSION = "4.2";
            TARGET_NAME = "SPMLibc";
         };
         name = "Debug";
      };
      "OBJ_222" = {
         isa = "XCBuildConfiguration";
         buildSettings = {
            ENABLE_TESTABILITY = "YES";
            FRAMEWORK_SEARCH_PATHS = (
               "$(inherited)",
               "$(PLATFORM_DIR)/Developer/Library/Frameworks"
            );
            HEADER_SEARCH_PATHS = (
               "$(inherited)",
               "$(SRCROOT)/.build/checkouts/swift-package-manager/Sources/clibc/include"
            );
            INFOPLIST_FILE = "slicetool.xcodeproj/SPMLibc_Info.plist";
            LD_RUNPATH_SEARCH_PATHS = (
               "$(inherited)",
               "$(TOOLCHAIN_DIR)/usr/lib/swift/macosx"
            );
            OTHER_CFLAGS = (
               "$(inherited)"
            );
            OTHER_LDFLAGS = (
               "$(inherited)"
            );
            OTHER_SWIFT_FLAGS = (
               "$(inherited)",
               "-Xcc",
               "-fmodule-map-file=$(SRCROOT)/.build/checkouts/swift-package-manager/Sources/clibc/include/module.modulemap"
            );
            PRODUCT_BUNDLE_IDENTIFIER = "SPMLibc";
            PRODUCT_MODULE_NAME = "$(TARGET_NAME:c99extidentifier)";
            PRODUCT_NAME = "$(TARGET_NAME:c99extidentifier)";
            SKIP_INSTALL = "YES";
            SWIFT_ACTIVE_COMPILATION_CONDITIONS = (
               "$(inherited)"
            );
            SWIFT_VERSION = "4.2";
            TARGET_NAME = "SPMLibc";
         };
         name = "Release";
      };
      "OBJ_223" = {
         isa = "PBXSourcesBuildPhase";
         files = (
            "OBJ_224"
         );
      };
      "OBJ_224" = {
         isa = "PBXBuildFile";
         fileRef = "OBJ_98";
      };
      "OBJ_225" = {
         isa = "PBXFrameworksBuildPhase";
         files = (
            "OBJ_226"
         );
      };
      "OBJ_226" = {
         isa = "PBXBuildFile";
         fileRef = "SwiftPM::clibc::Product";
      };
      "OBJ_227" = {
         isa = "PBXTargetDependency";
         target = "SwiftPM::clibc";
      };
      "OBJ_229" = {
         isa = "XCConfigurationList";
         buildConfigurations = (
            "OBJ_230",
            "OBJ_231"
         );
         defaultConfigurationIsVisible = "0";
         defaultConfigurationName = "Release";
      };
      "OBJ_23" = {
         isa = "PBXGroup";
         children = (
            "OBJ_24",
            "OBJ_25"
         );
         name = "Commands";
         path = "Commands";
         sourceTree = "<group>";
      };
      "OBJ_230" = {
         isa = "XCBuildConfiguration";
         buildSettings = {
            ENABLE_TESTABILITY = "YES";
            FRAMEWORK_SEARCH_PATHS = (
               "$(inherited)",
               "$(PLATFORM_DIR)/Developer/Library/Frameworks"
            );
            HEADER_SEARCH_PATHS = (
               "$(inherited)",
               "$(SRCROOT)/.build/checkouts/swift-package-manager/Sources/clibc/include"
            );
            INFOPLIST_FILE = "slicetool.xcodeproj/SPMUtility_Info.plist";
            LD_RUNPATH_SEARCH_PATHS = (
               "$(inherited)",
               "$(TOOLCHAIN_DIR)/usr/lib/swift/macosx"
            );
            OTHER_CFLAGS = (
               "$(inherited)"
            );
            OTHER_LDFLAGS = (
               "$(inherited)"
            );
            OTHER_SWIFT_FLAGS = (
               "$(inherited)",
               "-Xcc",
               "-fmodule-map-file=$(SRCROOT)/.build/checkouts/swift-package-manager/Sources/clibc/include/module.modulemap"
            );
            PRODUCT_BUNDLE_IDENTIFIER = "SPMUtility";
            PRODUCT_MODULE_NAME = "$(TARGET_NAME:c99extidentifier)";
            PRODUCT_NAME = "$(TARGET_NAME:c99extidentifier)";
            SKIP_INSTALL = "YES";
            SWIFT_ACTIVE_COMPILATION_CONDITIONS = (
               "$(inherited)"
            );
            SWIFT_VERSION = "4.2";
            TARGET_NAME = "SPMUtility";
         };
         name = "Debug";
      };
      "OBJ_231" = {
         isa = "XCBuildConfiguration";
         buildSettings = {
            ENABLE_TESTABILITY = "YES";
            FRAMEWORK_SEARCH_PATHS = (
               "$(inherited)",
               "$(PLATFORM_DIR)/Developer/Library/Frameworks"
            );
            HEADER_SEARCH_PATHS = (
               "$(inherited)",
               "$(SRCROOT)/.build/checkouts/swift-package-manager/Sources/clibc/include"
            );
            INFOPLIST_FILE = "slicetool.xcodeproj/SPMUtility_Info.plist";
            LD_RUNPATH_SEARCH_PATHS = (
               "$(inherited)",
               "$(TOOLCHAIN_DIR)/usr/lib/swift/macosx"
            );
            OTHER_CFLAGS = (
               "$(inherited)"
            );
            OTHER_LDFLAGS = (
               "$(inherited)"
            );
            OTHER_SWIFT_FLAGS = (
               "$(inherited)",
               "-Xcc",
               "-fmodule-map-file=$(SRCROOT)/.build/checkouts/swift-package-manager/Sources/clibc/include/module.modulemap"
            );
            PRODUCT_BUNDLE_IDENTIFIER = "SPMUtility";
            PRODUCT_MODULE_NAME = "$(TARGET_NAME:c99extidentifier)";
            PRODUCT_NAME = "$(TARGET_NAME:c99extidentifier)";
            SKIP_INSTALL = "YES";
            SWIFT_ACTIVE_COMPILATION_CONDITIONS = (
               "$(inherited)"
            );
            SWIFT_VERSION = "4.2";
            TARGET_NAME = "SPMUtility";
         };
         name = "Release";
      };
      "OBJ_232" = {
         isa = "PBXSourcesBuildPhase";
         files = (
            "OBJ_233",
            "OBJ_234",
            "OBJ_235",
            "OBJ_236",
            "OBJ_237",
            "OBJ_238",
            "OBJ_239",
            "OBJ_240",
            "OBJ_241",
            "OBJ_242",
            "OBJ_243",
            "OBJ_244",
            "OBJ_245",
            "OBJ_246",
            "OBJ_247",
            "OBJ_248",
            "OBJ_249",
            "OBJ_250",
            "OBJ_251",
            "OBJ_252"
         );
      };
      "OBJ_233" = {
         isa = "PBXBuildFile";
         fileRef = "OBJ_100";
      };
      "OBJ_234" = {
         isa = "PBXBuildFile";
         fileRef = "OBJ_101";
      };
      "OBJ_235" = {
         isa = "PBXBuildFile";
         fileRef = "OBJ_102";
      };
      "OBJ_236" = {
         isa = "PBXBuildFile";
         fileRef = "OBJ_103";
      };
      "OBJ_237" = {
         isa = "PBXBuildFile";
         fileRef = "OBJ_104";
      };
      "OBJ_238" = {
         isa = "PBXBuildFile";
         fileRef = "OBJ_105";
      };
      "OBJ_239" = {
         isa = "PBXBuildFile";
         fileRef = "OBJ_106";
      };
      "OBJ_24" = {
         isa = "PBXFileReference";
         path = "Command.swift";
         sourceTree = "<group>";
      };
      "OBJ_240" = {
         isa = "PBXBuildFile";
         fileRef = "OBJ_107";
      };
      "OBJ_241" = {
         isa = "PBXBuildFile";
         fileRef = "OBJ_108";
      };
      "OBJ_242" = {
         isa = "PBXBuildFile";
         fileRef = "OBJ_109";
      };
      "OBJ_243" = {
         isa = "PBXBuildFile";
         fileRef = "OBJ_110";
      };
      "OBJ_244" = {
         isa = "PBXBuildFile";
         fileRef = "OBJ_111";
      };
      "OBJ_245" = {
         isa = "PBXBuildFile";
         fileRef = "OBJ_112";
      };
      "OBJ_246" = {
         isa = "PBXBuildFile";
         fileRef = "OBJ_113";
      };
      "OBJ_247" = {
         isa = "PBXBuildFile";
         fileRef = "OBJ_114";
      };
      "OBJ_248" = {
         isa = "PBXBuildFile";
         fileRef = "OBJ_115";
      };
      "OBJ_249" = {
         isa = "PBXBuildFile";
         fileRef = "OBJ_116";
      };
      "OBJ_25" = {
         isa = "PBXFileReference";
         path = "SliceCommand.swift";
         sourceTree = "<group>";
      };
      "OBJ_250" = {
         isa = "PBXBuildFile";
         fileRef = "OBJ_117";
      };
      "OBJ_251" = {
         isa = "PBXBuildFile";
         fileRef = "OBJ_118";
      };
      "OBJ_252" = {
         isa = "PBXBuildFile";
         fileRef = "OBJ_119";
      };
      "OBJ_253" = {
         isa = "PBXFrameworksBuildPhase";
         files = (
            "OBJ_254",
            "OBJ_255",
            "OBJ_256",
            "OBJ_257"
         );
      };
      "OBJ_254" = {
         isa = "PBXBuildFile";
         fileRef = "SwiftPM::Basic::Product";
      };
      "OBJ_255" = {
         isa = "PBXBuildFile";
         fileRef = "SwiftPM::POSIX::Product";
      };
      "OBJ_256" = {
         isa = "PBXBuildFile";
         fileRef = "SwiftPM::SPMLibc::Product";
      };
      "OBJ_257" = {
         isa = "PBXBuildFile";
         fileRef = "SwiftPM::clibc::Product";
      };
      "OBJ_258" = {
         isa = "PBXTargetDependency";
         target = "SwiftPM::Basic";
      };
      "OBJ_259" = {
         isa = "PBXTargetDependency";
         target = "SwiftPM::POSIX";
      };
      "OBJ_26" = {
         isa = "PBXFileReference";
         path = "main.swift";
         sourceTree = "<group>";
      };
      "OBJ_260" = {
         isa = "PBXTargetDependency";
         target = "SwiftPM::SPMLibc";
      };
      "OBJ_261" = {
         isa = "PBXTargetDependency";
         target = "SwiftPM::clibc";
      };
      "OBJ_263" = {
         isa = "XCConfigurationList";
         buildConfigurations = (
            "OBJ_264",
            "OBJ_265"
         );
         defaultConfigurationIsVisible = "0";
         defaultConfigurationName = "Release";
      };
      "OBJ_264" = {
         isa = "XCBuildConfiguration";
         buildSettings = {
            LD = "/usr/bin/true";
            OTHER_SWIFT_FLAGS = (
               "-swift-version",
               "4.2",
               "-I",
               "$(TOOLCHAIN_DIR)/usr/lib/swift/pm/4_2",
               "-target",
               "x86_64-apple-macosx10.10",
               "-sdk",
               "/Applications/Xcode/Xcode_10.2.app/Contents/Developer/Platforms/MacOSX.platform/Developer/SDKs/MacOSX10.14.sdk"
            );
            SWIFT_VERSION = "4.2";
         };
         name = "Debug";
      };
      "OBJ_265" = {
         isa = "XCBuildConfiguration";
         buildSettings = {
            LD = "/usr/bin/true";
            OTHER_SWIFT_FLAGS = (
               "-swift-version",
               "4.2",
               "-I",
               "$(TOOLCHAIN_DIR)/usr/lib/swift/pm/4_2",
               "-target",
               "x86_64-apple-macosx10.10",
               "-sdk",
               "/Applications/Xcode/Xcode_10.2.app/Contents/Developer/Platforms/MacOSX.platform/Developer/SDKs/MacOSX10.14.sdk"
            );
            SWIFT_VERSION = "4.2";
         };
         name = "Release";
      };
      "OBJ_266" = {
         isa = "PBXSourcesBuildPhase";
         files = (
            "OBJ_267"
         );
      };
      "OBJ_267" = {
         isa = "PBXBuildFile";
         fileRef = "OBJ_135";
      };
      "OBJ_269" = {
         isa = "XCConfigurationList";
         buildConfigurations = (
            "OBJ_270",
            "OBJ_271"
         );
         defaultConfigurationIsVisible = "0";
         defaultConfigurationName = "Release";
      };
      "OBJ_27" = {
         isa = "PBXGroup";
         children = (
            "OBJ_28"
         );
         name = "math";
         path = "math";
         sourceTree = "<group>";
      };
      "OBJ_270" = {
         isa = "XCBuildConfiguration";
         buildSettings = {
            ENABLE_TESTABILITY = "YES";
            FRAMEWORK_SEARCH_PATHS = (
               "$(inherited)",
               "$(PLATFORM_DIR)/Developer/Library/Frameworks"
            );
            HEADER_SEARCH_PATHS = (
               "$(inherited)"
            );
            INFOPLIST_FILE = "slicetool.xcodeproj/VectorMath_Info.plist";
            LD_RUNPATH_SEARCH_PATHS = (
               "$(inherited)",
               "$(TOOLCHAIN_DIR)/usr/lib/swift/macosx"
            );
            OTHER_CFLAGS = (
               "$(inherited)"
            );
            OTHER_LDFLAGS = (
               "$(inherited)"
            );
            OTHER_SWIFT_FLAGS = (
               "$(inherited)"
            );
            PRODUCT_BUNDLE_IDENTIFIER = "VectorMath";
            PRODUCT_MODULE_NAME = "$(TARGET_NAME:c99extidentifier)";
            PRODUCT_NAME = "$(TARGET_NAME:c99extidentifier)";
            SKIP_INSTALL = "YES";
            SWIFT_ACTIVE_COMPILATION_CONDITIONS = (
               "$(inherited)"
            );
            SWIFT_VERSION = "4.2";
            TARGET_NAME = "VectorMath";
         };
         name = "Debug";
      };
      "OBJ_271" = {
         isa = "XCBuildConfiguration";
         buildSettings = {
            ENABLE_TESTABILITY = "YES";
            FRAMEWORK_SEARCH_PATHS = (
               "$(inherited)",
               "$(PLATFORM_DIR)/Developer/Library/Frameworks"
            );
            HEADER_SEARCH_PATHS = (
               "$(inherited)"
            );
            INFOPLIST_FILE = "slicetool.xcodeproj/VectorMath_Info.plist";
            LD_RUNPATH_SEARCH_PATHS = (
               "$(inherited)",
               "$(TOOLCHAIN_DIR)/usr/lib/swift/macosx"
            );
            OTHER_CFLAGS = (
               "$(inherited)"
            );
            OTHER_LDFLAGS = (
               "$(inherited)"
            );
            OTHER_SWIFT_FLAGS = (
               "$(inherited)"
            );
            PRODUCT_BUNDLE_IDENTIFIER = "VectorMath";
            PRODUCT_MODULE_NAME = "$(TARGET_NAME:c99extidentifier)";
            PRODUCT_NAME = "$(TARGET_NAME:c99extidentifier)";
            SKIP_INSTALL = "YES";
            SWIFT_ACTIVE_COMPILATION_CONDITIONS = (
               "$(inherited)"
            );
            SWIFT_VERSION = "4.2";
            TARGET_NAME = "VectorMath";
         };
         name = "Release";
      };
      "OBJ_272" = {
         isa = "PBXSourcesBuildPhase";
         files = (
            "OBJ_273",
            "OBJ_274",
            "OBJ_275",
            "OBJ_276"
         );
      };
      "OBJ_273" = {
         isa = "PBXBuildFile";
         fileRef = "OBJ_33";
      };
      "OBJ_274" = {
         isa = "PBXBuildFile";
         fileRef = "OBJ_34";
      };
      "OBJ_275" = {
         isa = "PBXBuildFile";
         fileRef = "OBJ_35";
      };
      "OBJ_276" = {
         isa = "PBXBuildFile";
         fileRef = "OBJ_36";
      };
      "OBJ_277" = {
         isa = "PBXFrameworksBuildPhase";
         files = (
         );
      };
      "OBJ_279" = {
         isa = "XCConfigurationList";
         buildConfigurations = (
            "OBJ_280",
            "OBJ_281"
         );
         defaultConfigurationIsVisible = "0";
         defaultConfigurationName = "Release";
      };
      "OBJ_28" = {
         isa = "PBXFileReference";
         path = "Math.swift";
         sourceTree = "<group>";
      };
      "OBJ_280" = {
         isa = "XCBuildConfiguration";
         buildSettings = {
            LD = "/usr/bin/true";
            OTHER_SWIFT_FLAGS = (
               "-swift-version",
               "4.2",
               "-I",
               "$(TOOLCHAIN_DIR)/usr/lib/swift/pm/4_2",
               "-target",
               "x86_64-apple-macosx10.10",
               "-sdk",
               "/Applications/Xcode/Xcode_10.2.app/Contents/Developer/Platforms/MacOSX.platform/Developer/SDKs/MacOSX10.14.sdk"
            );
            SWIFT_VERSION = "4.2";
         };
         name = "Debug";
      };
      "OBJ_281" = {
         isa = "XCBuildConfiguration";
         buildSettings = {
            LD = "/usr/bin/true";
            OTHER_SWIFT_FLAGS = (
               "-swift-version",
               "4.2",
               "-I",
               "$(TOOLCHAIN_DIR)/usr/lib/swift/pm/4_2",
               "-target",
               "x86_64-apple-macosx10.10",
               "-sdk",
               "/Applications/Xcode/Xcode_10.2.app/Contents/Developer/Platforms/MacOSX.platform/Developer/SDKs/MacOSX10.14.sdk"
            );
            SWIFT_VERSION = "4.2";
         };
         name = "Release";
      };
      "OBJ_282" = {
         isa = "PBXSourcesBuildPhase";
         files = (
            "OBJ_283"
         );
      };
      "OBJ_283" = {
         isa = "PBXBuildFile";
         fileRef = "OBJ_37";
      };
      "OBJ_284" = {
         isa = "XCConfigurationList";
         buildConfigurations = (
            "OBJ_285",
            "OBJ_286"
         );
         defaultConfigurationIsVisible = "0";
         defaultConfigurationName = "Release";
      };
      "OBJ_285" = {
         isa = "XCBuildConfiguration";
         buildSettings = {
            DEFINES_MODULE = "NO";
            ENABLE_TESTABILITY = "YES";
            FRAMEWORK_SEARCH_PATHS = (
               "$(inherited)",
               "$(PLATFORM_DIR)/Developer/Library/Frameworks"
            );
            HEADER_SEARCH_PATHS = (
               "$(inherited)",
               "$(SRCROOT)/.build/checkouts/swift-package-manager/Sources/clibc/include"
            );
            INFOPLIST_FILE = "slicetool.xcodeproj/clibc_Info.plist";
            LD_RUNPATH_SEARCH_PATHS = (
               "$(inherited)",
               "$(TOOLCHAIN_DIR)/usr/lib/swift/macosx"
            );
            OTHER_CFLAGS = (
               "$(inherited)"
            );
            OTHER_LDFLAGS = (
               "$(inherited)"
            );
            OTHER_SWIFT_FLAGS = (
               "$(inherited)"
            );
            PRODUCT_BUNDLE_IDENTIFIER = "clibc";
            PRODUCT_MODULE_NAME = "$(TARGET_NAME:c99extidentifier)";
            PRODUCT_NAME = "$(TARGET_NAME:c99extidentifier)";
            SKIP_INSTALL = "YES";
            SWIFT_ACTIVE_COMPILATION_CONDITIONS = (
               "$(inherited)"
            );
            TARGET_NAME = "clibc";
         };
         name = "Debug";
      };
      "OBJ_286" = {
         isa = "XCBuildConfiguration";
         buildSettings = {
            DEFINES_MODULE = "NO";
            ENABLE_TESTABILITY = "YES";
            FRAMEWORK_SEARCH_PATHS = (
               "$(inherited)",
               "$(PLATFORM_DIR)/Developer/Library/Frameworks"
            );
            HEADER_SEARCH_PATHS = (
               "$(inherited)",
               "$(SRCROOT)/.build/checkouts/swift-package-manager/Sources/clibc/include"
            );
            INFOPLIST_FILE = "slicetool.xcodeproj/clibc_Info.plist";
            LD_RUNPATH_SEARCH_PATHS = (
               "$(inherited)",
               "$(TOOLCHAIN_DIR)/usr/lib/swift/macosx"
            );
            OTHER_CFLAGS = (
               "$(inherited)"
            );
            OTHER_LDFLAGS = (
               "$(inherited)"
            );
            OTHER_SWIFT_FLAGS = (
               "$(inherited)"
            );
            PRODUCT_BUNDLE_IDENTIFIER = "clibc";
            PRODUCT_MODULE_NAME = "$(TARGET_NAME:c99extidentifier)";
            PRODUCT_NAME = "$(TARGET_NAME:c99extidentifier)";
            SKIP_INSTALL = "YES";
            SWIFT_ACTIVE_COMPILATION_CONDITIONS = (
               "$(inherited)"
            );
            TARGET_NAME = "clibc";
         };
         name = "Release";
      };
      "OBJ_287" = {
         isa = "PBXSourcesBuildPhase";
         files = (
            "OBJ_288"
         );
      };
      "OBJ_288" = {
         isa = "PBXBuildFile";
         fileRef = "OBJ_126";
      };
      "OBJ_289" = {
         isa = "PBXFrameworksBuildPhase";
         files = (
         );
      };
      "OBJ_29" = {
         isa = "PBXGroup";
         children = (
         );
         name = "Tests";
         path = "";
         sourceTree = "SOURCE_ROOT";
      };
      "OBJ_291" = {
         isa = "XCConfigurationList";
         buildConfigurations = (
            "OBJ_292",
            "OBJ_293"
         );
         defaultConfigurationIsVisible = "0";
         defaultConfigurationName = "Release";
      };
      "OBJ_292" = {
         isa = "XCBuildConfiguration";
         buildSettings = {
            FRAMEWORK_SEARCH_PATHS = (
               "$(inherited)",
               "$(PLATFORM_DIR)/Developer/Library/Frameworks"
            );
            HEADER_SEARCH_PATHS = (
               "$(inherited)",
               "$(SRCROOT)/.build/checkouts/swift-package-manager/Sources/clibc/include"
            );
            INFOPLIST_FILE = "slicetool.xcodeproj/slicetool_Info.plist";
            IPHONEOS_DEPLOYMENT_TARGET = "8.0";
            LD_RUNPATH_SEARCH_PATHS = (
               "$(inherited)",
               "$(TOOLCHAIN_DIR)/usr/lib/swift/macosx",
               "@executable_path"
            );
            MACOSX_DEPLOYMENT_TARGET = "10.10";
            OTHER_CFLAGS = (
               "$(inherited)"
            );
            OTHER_LDFLAGS = (
               "$(inherited)"
            );
            OTHER_SWIFT_FLAGS = (
               "$(inherited)",
               "-Xcc",
               "-fmodule-map-file=$(SRCROOT)/.build/checkouts/swift-package-manager/Sources/clibc/include/module.modulemap"
            );
            SWIFT_ACTIVE_COMPILATION_CONDITIONS = (
               "$(inherited)"
            );
            SWIFT_FORCE_DYNAMIC_LINK_STDLIB = "YES";
            SWIFT_FORCE_STATIC_LINK_STDLIB = "NO";
            SWIFT_VERSION = "5.0";
            TARGET_NAME = "slicetool";
            TVOS_DEPLOYMENT_TARGET = "9.0";
            WATCHOS_DEPLOYMENT_TARGET = "2.0";
         };
         name = "Debug";
      };
      "OBJ_293" = {
         isa = "XCBuildConfiguration";
         buildSettings = {
            FRAMEWORK_SEARCH_PATHS = (
               "$(inherited)",
               "$(PLATFORM_DIR)/Developer/Library/Frameworks"
            );
            HEADER_SEARCH_PATHS = (
               "$(inherited)",
               "$(SRCROOT)/.build/checkouts/swift-package-manager/Sources/clibc/include"
            );
            INFOPLIST_FILE = "slicetool.xcodeproj/slicetool_Info.plist";
            IPHONEOS_DEPLOYMENT_TARGET = "8.0";
            LD_RUNPATH_SEARCH_PATHS = (
               "$(inherited)",
               "$(TOOLCHAIN_DIR)/usr/lib/swift/macosx",
               "@executable_path"
            );
            MACOSX_DEPLOYMENT_TARGET = "10.10";
            OTHER_CFLAGS = (
               "$(inherited)"
            );
            OTHER_LDFLAGS = (
               "$(inherited)"
            );
            OTHER_SWIFT_FLAGS = (
               "$(inherited)",
               "-Xcc",
               "-fmodule-map-file=$(SRCROOT)/.build/checkouts/swift-package-manager/Sources/clibc/include/module.modulemap"
            );
            SWIFT_ACTIVE_COMPILATION_CONDITIONS = (
               "$(inherited)"
            );
            SWIFT_FORCE_DYNAMIC_LINK_STDLIB = "YES";
            SWIFT_FORCE_STATIC_LINK_STDLIB = "NO";
            SWIFT_VERSION = "5.0";
            TARGET_NAME = "slicetool";
            TVOS_DEPLOYMENT_TARGET = "9.0";
            WATCHOS_DEPLOYMENT_TARGET = "2.0";
         };
         name = "Release";
      };
      "OBJ_294" = {
         isa = "PBXSourcesBuildPhase";
         files = (
            "OBJ_295",
            "OBJ_296",
            "OBJ_297",
            "OBJ_298",
            "OBJ_299",
            "OBJ_300",
            "OBJ_301",
            "OBJ_302",
            "OBJ_303",
            "OBJ_304",
            "OBJ_305",
            "OBJ_306",
            "OBJ_307",
            "OBJ_308"
         );
      };
      "OBJ_295" = {
         isa = "PBXBuildFile";
         fileRef = "OBJ_10";
      };
      "OBJ_296" = {
         isa = "PBXBuildFile";
         fileRef = "OBJ_11";
      };
      "OBJ_297" = {
         isa = "PBXBuildFile";
         fileRef = "OBJ_13";
      };
      "OBJ_298" = {
         isa = "PBXBuildFile";
         fileRef = "OBJ_14";
      };
      "OBJ_299" = {
         isa = "PBXBuildFile";
         fileRef = "OBJ_15";
      };
      "OBJ_3" = {
         isa = "XCBuildConfiguration";
         buildSettings = {
            CLANG_ENABLE_OBJC_ARC = "YES";
            COMBINE_HIDPI_IMAGES = "YES";
            COPY_PHASE_STRIP = "NO";
            DEBUG_INFORMATION_FORMAT = "dwarf";
            DYLIB_INSTALL_NAME_BASE = "@rpath";
            ENABLE_NS_ASSERTIONS = "YES";
            GCC_OPTIMIZATION_LEVEL = "0";
            GCC_PREPROCESSOR_DEFINITIONS = (
               "$(inherited)",
               "SWIFT_PACKAGE=1",
               "DEBUG=1"
            );
            MACOSX_DEPLOYMENT_TARGET = "10.10";
            ONLY_ACTIVE_ARCH = "YES";
            OTHER_SWIFT_FLAGS = (
               "-DXcode"
            );
            PRODUCT_NAME = "$(TARGET_NAME)";
            SDKROOT = "macosx";
            SUPPORTED_PLATFORMS = (
               "macosx",
               "iphoneos",
               "iphonesimulator",
               "appletvos",
               "appletvsimulator",
               "watchos",
               "watchsimulator"
            );
            SWIFT_ACTIVE_COMPILATION_CONDITIONS = (
               "$(inherited)",
               "SWIFT_PACKAGE",
               "DEBUG"
            );
            SWIFT_OPTIMIZATION_LEVEL = "-Onone";
            USE_HEADERMAP = "NO";
         };
         name = "Debug";
      };
      "OBJ_30" = {
         isa = "PBXGroup";
         children = (
            "OBJ_31",
            "OBJ_38"
         );
         name = "Dependencies";
         path = "";
         sourceTree = "<group>";
      };
      "OBJ_300" = {
         isa = "PBXBuildFile";
         fileRef = "OBJ_16";
      };
      "OBJ_301" = {
         isa = "PBXBuildFile";
         fileRef = "OBJ_18";
      };
      "OBJ_302" = {
         isa = "PBXBuildFile";
         fileRef = "OBJ_19";
      };
      "OBJ_303" = {
         isa = "PBXBuildFile";
         fileRef = "OBJ_20";
      };
      "OBJ_304" = {
         isa = "PBXBuildFile";
         fileRef = "OBJ_22";
      };
      "OBJ_305" = {
         isa = "PBXBuildFile";
         fileRef = "OBJ_24";
      };
      "OBJ_306" = {
         isa = "PBXBuildFile";
         fileRef = "OBJ_25";
      };
      "OBJ_307" = {
         isa = "PBXBuildFile";
         fileRef = "OBJ_26";
      };
      "OBJ_308" = {
         isa = "PBXBuildFile";
         fileRef = "OBJ_28";
      };
      "OBJ_309" = {
         isa = "PBXFrameworksBuildPhase";
         files = (
            "OBJ_310",
            "OBJ_311",
            "OBJ_312",
            "OBJ_313",
            "OBJ_314",
            "OBJ_315"
         );
      };
      "OBJ_31" = {
         isa = "PBXGroup";
         children = (
            "OBJ_32",
            "OBJ_37"
         );
         name = "VectorMath 0.4.0";
         path = "";
         sourceTree = "SOURCE_ROOT";
      };
      "OBJ_310" = {
         isa = "PBXBuildFile";
         fileRef = "VectorMath::VectorMath::Product";
      };
      "OBJ_311" = {
         isa = "PBXBuildFile";
         fileRef = "SwiftPM::SPMUtility::Product";
      };
      "OBJ_312" = {
         isa = "PBXBuildFile";
         fileRef = "SwiftPM::Basic::Product";
      };
      "OBJ_313" = {
         isa = "PBXBuildFile";
         fileRef = "SwiftPM::POSIX::Product";
      };
      "OBJ_314" = {
         isa = "PBXBuildFile";
         fileRef = "SwiftPM::SPMLibc::Product";
      };
      "OBJ_315" = {
         isa = "PBXBuildFile";
         fileRef = "SwiftPM::clibc::Product";
      };
      "OBJ_316" = {
         isa = "PBXTargetDependency";
         target = "VectorMath::VectorMath";
      };
      "OBJ_317" = {
         isa = "PBXTargetDependency";
         target = "SwiftPM::SPMUtility";
      };
      "OBJ_318" = {
         isa = "PBXTargetDependency";
         target = "SwiftPM::Basic";
      };
      "OBJ_319" = {
         isa = "PBXTargetDependency";
         target = "SwiftPM::POSIX";
      };
      "OBJ_32" = {
         isa = "PBXGroup";
         children = (
            "OBJ_33",
            "OBJ_34",
            "OBJ_35",
            "OBJ_36"
         );
         name = "VectorMath";
         path = ".build/checkouts/VectorMath/VectorMath";
         sourceTree = "SOURCE_ROOT";
      };
      "OBJ_320" = {
         isa = "PBXTargetDependency";
         target = "SwiftPM::SPMLibc";
      };
      "OBJ_321" = {
         isa = "PBXTargetDependency";
         target = "SwiftPM::clibc";
      };
      "OBJ_323" = {
         isa = "XCConfigurationList";
         buildConfigurations = (
            "OBJ_324",
            "OBJ_325"
         );
         defaultConfigurationIsVisible = "0";
         defaultConfigurationName = "Release";
      };
      "OBJ_324" = {
         isa = "XCBuildConfiguration";
         buildSettings = {
            LD = "/usr/bin/true";
            OTHER_SWIFT_FLAGS = (
               "-swift-version",
               "5",
               "-I",
               "$(TOOLCHAIN_DIR)/usr/lib/swift/pm/4_2",
               "-target",
               "x86_64-apple-macosx10.10",
               "-sdk",
               "/Applications/Xcode/Xcode_10.2.app/Contents/Developer/Platforms/MacOSX.platform/Developer/SDKs/MacOSX10.14.sdk"
            );
            SWIFT_VERSION = "5.0";
         };
         name = "Debug";
      };
      "OBJ_325" = {
         isa = "XCBuildConfiguration";
         buildSettings = {
            LD = "/usr/bin/true";
            OTHER_SWIFT_FLAGS = (
               "-swift-version",
               "5",
               "-I",
               "$(TOOLCHAIN_DIR)/usr/lib/swift/pm/4_2",
               "-target",
               "x86_64-apple-macosx10.10",
               "-sdk",
               "/Applications/Xcode/Xcode_10.2.app/Contents/Developer/Platforms/MacOSX.platform/Developer/SDKs/MacOSX10.14.sdk"
            );
            SWIFT_VERSION = "5.0";
         };
         name = "Release";
      };
      "OBJ_326" = {
         isa = "PBXSourcesBuildPhase";
         files = (
            "OBJ_327"
         );
      };
      "OBJ_327" = {
         isa = "PBXBuildFile";
         fileRef = "OBJ_6";
      };
      "OBJ_33" = {
         isa = "PBXFileReference";
         path = "VectorMath+MapKit.swift";
         sourceTree = "<group>";
      };
      "OBJ_34" = {
         isa = "PBXFileReference";
         path = "VectorMath+Quartz.swift";
         sourceTree = "<group>";
      };
      "OBJ_35" = {
         isa = "PBXFileReference";
         path = "VectorMath+SceneKit.swift";
         sourceTree = "<group>";
      };
      "OBJ_36" = {
         isa = "PBXFileReference";
         path = "VectorMath.swift";
         sourceTree = "<group>";
      };
      "OBJ_37" = {
         isa = "PBXFileReference";
         explicitFileType = "sourcecode.swift";
         name = "Package.swift";
         path = "/Users/mseryukov/dev/mseriukov/sliceTool/slicetool/.build/checkouts/VectorMath/Package.swift";
         sourceTree = "<group>";
      };
      "OBJ_38" = {
         isa = "PBXGroup";
         children = (
            "OBJ_39",
            "OBJ_78",
            "OBJ_79",
            "OBJ_80",
            "OBJ_92",
            "OBJ_93",
            "OBJ_94",
            "OBJ_95",
            "OBJ_96",
            "OBJ_97",
            "OBJ_99",
            "OBJ_120",
            "OBJ_121",
            "OBJ_122",
            "OBJ_123",
            "OBJ_124",
            "OBJ_125",
            "OBJ_130",
            "OBJ_131",
            "OBJ_132",
            "OBJ_133",
            "OBJ_134",
            "OBJ_135"
         );
         name = "SwiftPM 0.4.0";
         path = "";
         sourceTree = "SOURCE_ROOT";
      };
      "OBJ_39" = {
         isa = "PBXGroup";
         children = (
            "OBJ_40",
            "OBJ_41",
            "OBJ_42",
            "OBJ_43",
            "OBJ_44",
            "OBJ_45",
            "OBJ_46",
            "OBJ_47",
            "OBJ_48",
            "OBJ_49",
            "OBJ_50",
            "OBJ_51",
            "OBJ_52",
            "OBJ_53",
            "OBJ_54",
            "OBJ_55",
            "OBJ_56",
            "OBJ_57",
            "OBJ_58",
            "OBJ_59",
            "OBJ_60",
            "OBJ_61",
            "OBJ_62",
            "OBJ_63",
            "OBJ_64",
            "OBJ_65",
            "OBJ_66",
            "OBJ_67",
            "OBJ_68",
            "OBJ_69",
            "OBJ_70",
            "OBJ_71",
            "OBJ_72",
            "OBJ_73",
            "OBJ_74",
            "OBJ_75",
            "OBJ_76",
            "OBJ_77"
         );
         name = "Basic";
         path = ".build/checkouts/swift-package-manager/Sources/Basic";
         sourceTree = "SOURCE_ROOT";
      };
      "OBJ_4" = {
         isa = "XCBuildConfiguration";
         buildSettings = {
            CLANG_ENABLE_OBJC_ARC = "YES";
            COMBINE_HIDPI_IMAGES = "YES";
            COPY_PHASE_STRIP = "YES";
            DEBUG_INFORMATION_FORMAT = "dwarf-with-dsym";
            DYLIB_INSTALL_NAME_BASE = "@rpath";
            GCC_OPTIMIZATION_LEVEL = "s";
            GCC_PREPROCESSOR_DEFINITIONS = (
               "$(inherited)",
               "SWIFT_PACKAGE=1"
            );
            MACOSX_DEPLOYMENT_TARGET = "10.10";
            OTHER_SWIFT_FLAGS = (
               "-DXcode"
            );
            PRODUCT_NAME = "$(TARGET_NAME)";
            SDKROOT = "macosx";
            SUPPORTED_PLATFORMS = (
               "macosx",
               "iphoneos",
               "iphonesimulator",
               "appletvos",
               "appletvsimulator",
               "watchos",
               "watchsimulator"
            );
            SWIFT_ACTIVE_COMPILATION_CONDITIONS = (
               "$(inherited)",
               "SWIFT_PACKAGE"
            );
            SWIFT_OPTIMIZATION_LEVEL = "-Owholemodule";
            USE_HEADERMAP = "NO";
         };
         name = "Release";
      };
      "OBJ_40" = {
         isa = "PBXFileReference";
         path = "Await.swift";
         sourceTree = "<group>";
      };
      "OBJ_41" = {
         isa = "PBXFileReference";
         path = "ByteString.swift";
         sourceTree = "<group>";
      };
      "OBJ_42" = {
         isa = "PBXFileReference";
         path = "CStringArray.swift";
         sourceTree = "<group>";
      };
      "OBJ_43" = {
         isa = "PBXFileReference";
         path = "CacheableSequence.swift";
         sourceTree = "<group>";
      };
      "OBJ_44" = {
         isa = "PBXFileReference";
         path = "CollectionAlgorithms.swift";
         sourceTree = "<group>";
      };
      "OBJ_45" = {
         isa = "PBXFileReference";
         path = "CollectionExtensions.swift";
         sourceTree = "<group>";
      };
      "OBJ_46" = {
         isa = "PBXFileReference";
         path = "Condition.swift";
         sourceTree = "<group>";
      };
      "OBJ_47" = {
         isa = "PBXFileReference";
         path = "DeltaAlgorithm.swift";
         sourceTree = "<group>";
      };
      "OBJ_48" = {
         isa = "PBXFileReference";
         path = "DiagnosticsEngine.swift";
         sourceTree = "<group>";
      };
      "OBJ_49" = {
         isa = "PBXFileReference";
         path = "DictionaryExtensions.swift";
         sourceTree = "<group>";
      };
      "OBJ_5" = {
         isa = "PBXGroup";
         children = (
            "OBJ_6",
            "OBJ_7",
            "OBJ_29",
            "OBJ_30",
            "OBJ_136",
            "OBJ_144",
            "OBJ_145",
            "OBJ_146"
         );
         path = "";
         sourceTree = "<group>";
      };
      "OBJ_50" = {
         isa = "PBXFileReference";
         path = "DictionaryLiteralExtensions.swift";
         sourceTree = "<group>";
      };
      "OBJ_51" = {
         isa = "PBXFileReference";
         path = "EditDistance.swift";
         sourceTree = "<group>";
      };
      "OBJ_52" = {
         isa = "PBXFileReference";
         path = "FileSystem.swift";
         sourceTree = "<group>";
      };
      "OBJ_53" = {
         isa = "PBXFileReference";
         path = "GraphAlgorithms.swift";
         sourceTree = "<group>";
      };
      "OBJ_54" = {
         isa = "PBXFileReference";
         path = "JSON.swift";
         sourceTree = "<group>";
      };
      "OBJ_55" = {
         isa = "PBXFileReference";
         path = "JSONMapper.swift";
         sourceTree = "<group>";
      };
      "OBJ_56" = {
         isa = "PBXFileReference";
         path = "KeyedPair.swift";
         sourceTree = "<group>";
      };
      "OBJ_57" = {
         isa = "PBXFileReference";
         path = "LazyCache.swift";
         sourceTree = "<group>";
      };
      "OBJ_58" = {
         isa = "PBXFileReference";
         path = "Lock.swift";
         sourceTree = "<group>";
      };
      "OBJ_59" = {
         isa = "PBXFileReference";
         path = "ObjectIdentifierProtocol.swift";
         sourceTree = "<group>";
      };
      "OBJ_6" = {
         isa = "PBXFileReference";
         explicitFileType = "sourcecode.swift";
         path = "Package.swift";
         sourceTree = "<group>";
      };
      "OBJ_60" = {
         isa = "PBXFileReference";
         path = "OrderedDictionary.swift";
         sourceTree = "<group>";
      };
      "OBJ_61" = {
         isa = "PBXFileReference";
         path = "OrderedSet.swift";
         sourceTree = "<group>";
      };
      "OBJ_62" = {
         isa = "PBXFileReference";
         path = "OutputByteStream.swift";
         sourceTree = "<group>";
      };
      "OBJ_63" = {
         isa = "PBXFileReference";
         path = "Path.swift";
         sourceTree = "<group>";
      };
      "OBJ_64" = {
         isa = "PBXFileReference";
         path = "PathShims.swift";
         sourceTree = "<group>";
      };
      "OBJ_65" = {
         isa = "PBXFileReference";
         path = "Process.swift";
         sourceTree = "<group>";
      };
      "OBJ_66" = {
         isa = "PBXFileReference";
         path = "ProcessSet.swift";
         sourceTree = "<group>";
      };
      "OBJ_67" = {
         isa = "PBXFileReference";
         path = "RegEx.swift";
         sourceTree = "<group>";
      };
      "OBJ_68" = {
         isa = "PBXFileReference";
         path = "Result.swift";
         sourceTree = "<group>";
      };
      "OBJ_69" = {
         isa = "PBXFileReference";
         path = "SHA256.swift";
         sourceTree = "<group>";
      };
      "OBJ_7" = {
         isa = "PBXGroup";
         children = (
            "OBJ_8"
         );
         name = "Sources";
         path = "Sources";
         sourceTree = "SOURCE_ROOT";
      };
      "OBJ_70" = {
         isa = "PBXFileReference";
         path = "SortedArray.swift";
         sourceTree = "<group>";
      };
      "OBJ_71" = {
         isa = "PBXFileReference";
         path = "StringConversions.swift";
         sourceTree = "<group>";
      };
      "OBJ_72" = {
         isa = "PBXFileReference";
         path = "SynchronizedQueue.swift";
         sourceTree = "<group>";
      };
      "OBJ_73" = {
         isa = "PBXFileReference";
         path = "TemporaryFile.swift";
         sourceTree = "<group>";
      };
      "OBJ_74" = {
         isa = "PBXFileReference";
         path = "TerminalController.swift";
         sourceTree = "<group>";
      };
      "OBJ_75" = {
         isa = "PBXFileReference";
         path = "Thread.swift";
         sourceTree = "<group>";
      };
      "OBJ_76" = {
         isa = "PBXFileReference";
         path = "Tuple.swift";
         sourceTree = "<group>";
      };
      "OBJ_77" = {
         isa = "PBXFileReference";
         path = "misc.swift";
         sourceTree = "<group>";
      };
      "OBJ_78" = {
         isa = "PBXGroup";
         children = (
         );
         name = "Build";
         path = ".build/checkouts/swift-package-manager/Sources/Build";
         sourceTree = "SOURCE_ROOT";
      };
      "OBJ_79" = {
         isa = "PBXGroup";
         children = (
         );
         name = "Commands";
         path = ".build/checkouts/swift-package-manager/Sources/Commands";
         sourceTree = "SOURCE_ROOT";
      };
      "OBJ_8" = {
         isa = "PBXGroup";
         children = (
            "OBJ_9",
            "OBJ_17",
            "OBJ_21",
            "OBJ_27"
         );
         name = "sliceTool";
         path = "sliceTool";
         sourceTree = "<group>";
      };
      "OBJ_80" = {
         isa = "PBXGroup";
         children = (
            "OBJ_81",
            "OBJ_82",
            "OBJ_83",
            "OBJ_84",
            "OBJ_85",
            "OBJ_86",
            "OBJ_87",
            "OBJ_88",
            "OBJ_89",
            "OBJ_90",
            "OBJ_91"
         );
         name = "POSIX";
         path = ".build/checkouts/swift-package-manager/Sources/POSIX";
         sourceTree = "SOURCE_ROOT";
      };
      "OBJ_81" = {
         isa = "PBXFileReference";
         path = "Error.swift";
         sourceTree = "<group>";
      };
      "OBJ_82" = {
         isa = "PBXFileReference";
         path = "chdir.swift";
         sourceTree = "<group>";
      };
      "OBJ_83" = {
         isa = "PBXFileReference";
         path = "env.swift";
         sourceTree = "<group>";
      };
      "OBJ_84" = {
         isa = "PBXFileReference";
         path = "exit.swift";
         sourceTree = "<group>";
      };
      "OBJ_85" = {
         isa = "PBXFileReference";
         path = "getcwd.swift";
         sourceTree = "<group>";
      };
      "OBJ_86" = {
         isa = "PBXFileReference";
         path = "isatty.swift";
         sourceTree = "<group>";
      };
      "OBJ_87" = {
         isa = "PBXFileReference";
         path = "readdir.swift";
         sourceTree = "<group>";
      };
      "OBJ_88" = {
         isa = "PBXFileReference";
         path = "realpath.swift";
         sourceTree = "<group>";
      };
      "OBJ_89" = {
         isa = "PBXFileReference";
         path = "rename.swift";
         sourceTree = "<group>";
      };
      "OBJ_9" = {
         isa = "PBXGroup";
         children = (
            "OBJ_10",
            "OBJ_11",
            "OBJ_12",
            "OBJ_15",
            "OBJ_16"
         );
         name = "3D";
         path = "3D";
         sourceTree = "<group>";
      };
      "OBJ_90" = {
         isa = "PBXFileReference";
         path = "stat.swift";
         sourceTree = "<group>";
      };
      "OBJ_91" = {
         isa = "PBXFileReference";
         path = "usleep.swift";
         sourceTree = "<group>";
      };
      "OBJ_92" = {
         isa = "PBXGroup";
         children = (
         );
         name = "PackageDescription4";
         path = ".build/checkouts/swift-package-manager/Sources/PackageDescription4";
         sourceTree = "SOURCE_ROOT";
      };
      "OBJ_93" = {
         isa = "PBXGroup";
         children = (
         );
         name = "PackageGraph";
         path = ".build/checkouts/swift-package-manager/Sources/PackageGraph";
         sourceTree = "SOURCE_ROOT";
      };
      "OBJ_94" = {
         isa = "PBXGroup";
         children = (
         );
         name = "PackageLoading";
         path = ".build/checkouts/swift-package-manager/Sources/PackageLoading";
         sourceTree = "SOURCE_ROOT";
      };
      "OBJ_95" = {
         isa = "PBXGroup";
         children = (
         );
         name = "PackageModel";
         path = ".build/checkouts/swift-package-manager/Sources/PackageModel";
         sourceTree = "SOURCE_ROOT";
      };
      "OBJ_96" = {
         isa = "PBXGroup";
         children = (
         );
         name = "SPMLLBuild";
         path = ".build/checkouts/swift-package-manager/Sources/SPMLLBuild";
         sourceTree = "SOURCE_ROOT";
      };
      "OBJ_97" = {
         isa = "PBXGroup";
         children = (
            "OBJ_98"
         );
         name = "SPMLibc";
         path = ".build/checkouts/swift-package-manager/Sources/SPMLibc";
         sourceTree = "SOURCE_ROOT";
      };
      "OBJ_98" = {
         isa = "PBXFileReference";
         path = "libc.swift";
         sourceTree = "<group>";
      };
      "OBJ_99" = {
         isa = "PBXGroup";
         children = (
            "OBJ_100",
            "OBJ_101",
            "OBJ_102",
            "OBJ_103",
            "OBJ_104",
            "OBJ_105",
            "OBJ_106",
            "OBJ_107",
            "OBJ_108",
            "OBJ_109",
            "OBJ_110",
            "OBJ_111",
            "OBJ_112",
            "OBJ_113",
            "OBJ_114",
            "OBJ_115",
            "OBJ_116",
            "OBJ_117",
            "OBJ_118",
            "OBJ_119"
         );
         name = "SPMUtility";
         path = ".build/checkouts/swift-package-manager/Sources/SPMUtility";
         sourceTree = "SOURCE_ROOT";
      };
      "SwiftPM::Basic" = {
         isa = "PBXNativeTarget";
         buildConfigurationList = "OBJ_148";
         buildPhases = (
            "OBJ_151",
            "OBJ_190"
         );
         dependencies = (
            "OBJ_194",
            "OBJ_196",
            "OBJ_198"
         );
         name = "Basic";
         productName = "Basic";
         productReference = "SwiftPM::Basic::Product";
         productType = "com.apple.product-type.framework";
      };
      "SwiftPM::Basic::Product" = {
         isa = "PBXFileReference";
         path = "Basic.framework";
         sourceTree = "BUILT_PRODUCTS_DIR";
      };
      "SwiftPM::POSIX" = {
         isa = "PBXNativeTarget";
         buildConfigurationList = "OBJ_200";
         buildPhases = (
            "OBJ_203",
            "OBJ_215"
         );
         dependencies = (
            "OBJ_218",
            "OBJ_219"
         );
         name = "POSIX";
         productName = "POSIX";
         productReference = "SwiftPM::POSIX::Product";
         productType = "com.apple.product-type.framework";
      };
      "SwiftPM::POSIX::Product" = {
         isa = "PBXFileReference";
         path = "POSIX.framework";
         sourceTree = "BUILT_PRODUCTS_DIR";
      };
      "SwiftPM::SPMLibc" = {
         isa = "PBXNativeTarget";
         buildConfigurationList = "OBJ_220";
         buildPhases = (
            "OBJ_223",
            "OBJ_225"
         );
         dependencies = (
            "OBJ_227"
         );
         name = "SPMLibc";
         productName = "SPMLibc";
         productReference = "SwiftPM::SPMLibc::Product";
         productType = "com.apple.product-type.framework";
      };
      "SwiftPM::SPMLibc::Product" = {
         isa = "PBXFileReference";
         path = "SPMLibc.framework";
         sourceTree = "BUILT_PRODUCTS_DIR";
      };
      "SwiftPM::SPMUtility" = {
         isa = "PBXNativeTarget";
         buildConfigurationList = "OBJ_229";
         buildPhases = (
            "OBJ_232",
            "OBJ_253"
         );
         dependencies = (
            "OBJ_258",
            "OBJ_259",
            "OBJ_260",
            "OBJ_261"
         );
         name = "SPMUtility";
         productName = "SPMUtility";
         productReference = "SwiftPM::SPMUtility::Product";
         productType = "com.apple.product-type.framework";
      };
      "SwiftPM::SPMUtility::Product" = {
         isa = "PBXFileReference";
         path = "SPMUtility.framework";
         sourceTree = "BUILT_PRODUCTS_DIR";
      };
      "SwiftPM::SwiftPMPackageDescription" = {
         isa = "PBXNativeTarget";
         buildConfigurationList = "OBJ_263";
         buildPhases = (
            "OBJ_266"
         );
         dependencies = (
         );
         name = "SwiftPMPackageDescription";
         productName = "SwiftPMPackageDescription";
         productType = "com.apple.product-type.framework";
      };
      "SwiftPM::clibc" = {
         isa = "PBXNativeTarget";
         buildConfigurationList = "OBJ_284";
         buildPhases = (
            "OBJ_287",
            "OBJ_289"
         );
         dependencies = (
         );
         name = "clibc";
         productName = "clibc";
         productReference = "SwiftPM::clibc::Product";
         productType = "com.apple.product-type.framework";
      };
      "SwiftPM::clibc::Product" = {
         isa = "PBXFileReference";
         path = "clibc.framework";
         sourceTree = "BUILT_PRODUCTS_DIR";
      };
      "VectorMath::SwiftPMPackageDescription" = {
         isa = "PBXNativeTarget";
         buildConfigurationList = "OBJ_279";
         buildPhases = (
            "OBJ_282"
         );
         dependencies = (
         );
         name = "VectorMathPackageDescription";
         productName = "VectorMathPackageDescription";
         productType = "com.apple.product-type.framework";
      };
      "VectorMath::VectorMath" = {
         isa = "PBXNativeTarget";
         buildConfigurationList = "OBJ_269";
         buildPhases = (
            "OBJ_272",
            "OBJ_277"
         );
         dependencies = (
         );
         name = "VectorMath";
         productName = "VectorMath";
         productReference = "VectorMath::VectorMath::Product";
         productType = "com.apple.product-type.framework";
      };
      "VectorMath::VectorMath::Product" = {
         isa = "PBXFileReference";
         path = "VectorMath.framework";
         sourceTree = "BUILT_PRODUCTS_DIR";
      };
      "slicetool::SwiftPMPackageDescription" = {
         isa = "PBXNativeTarget";
         buildConfigurationList = "OBJ_323";
         buildPhases = (
            "OBJ_326"
         );
         dependencies = (
         );
         name = "slicetoolPackageDescription";
         productName = "slicetoolPackageDescription";
         productType = "com.apple.product-type.framework";
      };
      "slicetool::slicetool" = {
         isa = "PBXNativeTarget";
         buildConfigurationList = "OBJ_291";
         buildPhases = (
            "OBJ_294",
            "OBJ_309"
         );
         dependencies = (
            "OBJ_316",
            "OBJ_317",
            "OBJ_318",
            "OBJ_319",
            "OBJ_320",
            "OBJ_321"
         );
         name = "slicetool";
         productName = "slicetool";
         productReference = "slicetool::slicetool::Product";
         productType = "com.apple.product-type.tool";
      };
      "slicetool::slicetool::Product" = {
         isa = "PBXFileReference";
         path = "slicetool";
         sourceTree = "BUILT_PRODUCTS_DIR";
      };
   };
   rootObject = "OBJ_1";
}
